version = 1
requires-python = "==3.12.*"
resolution-markers = [
    "sys_platform == 'darwin'",
    "sys_platform == 'linux'",
]
supported-markers = [
    "sys_platform == 'darwin'",
    "sys_platform == 'linux'",
]

[[package]]
name = "jq"
version = "1.8.0"
source = { registry = "https://pypi.org/simple" }
sdist = { url = "https://files.pythonhosted.org/packages/ba/32/3eaca3ac81c804d6849da2e9f536ac200f4ad46a696890854c1f73b2f749/jq-1.8.0.tar.gz", hash = "sha256:53141eebca4bf8b4f2da5e44271a8a3694220dfd22d2b4b2cfb4816b2b6c9057", size = 2058265 }
wheels = [
    { url = "https://files.pythonhosted.org/packages/45/b3/dd0d41cecb0d8712bc792b3c40b42a36c355d814d61f6bda4d61cbb188e5/jq-1.8.0-cp312-cp312-macosx_10_9_x86_64.whl", hash = "sha256:14f5988ae3604ebfdba2da398f9bd941bb3a72144a2831cfec2bc22bd23d5563", size = 415943 },
    { url = "https://files.pythonhosted.org/packages/9b/2c/39df803632c7222e9cd6922101966ddbec05d1c4213e7923c95e4e442666/jq-1.8.0-cp312-cp312-macosx_11_0_arm64.whl", hash = "sha256:f8903b66fac9f46de72b3a2f69bfa3c638a7a8d52610d1894df87ef0a9e4d2d3", size = 422267 },
    { url = "https://files.pythonhosted.org/packages/3a/b3/ddc1e691b832c6aa0f5142935099c1f05a89ff2f337201e2dcfafc726ec9/jq-1.8.0-cp312-cp312-manylinux_2_17_aarch64.manylinux2014_aarch64.whl", hash = "sha256:cccda466f5722fa9be789099ce253bfc177e49f9a981cb7f5b6369ea37041104", size = 729142 },
    { url = "https://files.pythonhosted.org/packages/c5/b9/42a55d08397d25b4b1f6580f58c59ba3e3e120270db2e75923644ccc0d29/jq-1.8.0-cp312-cp312-manylinux_2_17_x86_64.manylinux2014_x86_64.whl", hash = "sha256:95f57649e84a09b334eeb80d22ecc96ff7b31701f3f818ef14cb8bb162c84863", size = 748871 },
    { url = "https://files.pythonhosted.org/packages/90/4f/83639fdae641b7e8095b4a51d87a3da46737e70570d9df14d99ea15a0b16/jq-1.8.0-cp312-cp312-manylinux_2_5_i686.manylinux1_i686.manylinux_2_17_i686.manylinux2014_i686.whl", hash = "sha256:7453731008eb7671725222781eb7bc5ed96e80fc9a652d177cb982276d3e08b4", size = 735908 },
    { url = "https://files.pythonhosted.org/packages/f7/9f/f54c2050b21490201613a7328534d2cb0c34e5a547167849a1464d89ae3e/jq-1.8.0-cp312-cp312-musllinux_1_2_aarch64.whl", hash = "sha256:917812663613fc0542117bbe7ec43c8733b0c6bb174db6be06a15fc612de3b70", size = 721970 },
    { url = "https://files.pythonhosted.org/packages/24/b0/6c9a14ef103df4208e032bce25e66293201dacac18689d2ec4c0e68c8b77/jq-1.8.0-cp312-cp312-musllinux_1_2_i686.whl", hash = "sha256:ec9e4db978237470e9d65f747eb459f4ffee576c9c9f8ca92ab32d5687a46e4a", size = 746825 },
    { url = "https://files.pythonhosted.org/packages/f4/67/4eb836a9eac5f02983ed7caf76c4d0cad32fdd6ae08176be892b3a6b3d17/jq-1.8.0-cp312-cp312-musllinux_1_2_x86_64.whl", hash = "sha256:f9f2548c83473bbe88a32a0735cb949a5d01804f8d411efae5342b5d23be8a2f", size = 751186 },
    { url = "https://files.pythonhosted.org/packages/9c/25/c73afa16aedee3ae87b2e8ffb2d12bdb9c7a34a8c9ab5038318cb0b431fe/jq-1.8.0-cp313-cp313-macosx_10_13_x86_64.whl", hash = "sha256:76aea6161c4d975230e85735c0214c386e66035e96cfc4fd69159e87f46c09d4", size = 415000 },
    { url = "https://files.pythonhosted.org/packages/06/97/d09338697ea0eb7386a3df0c6ca2a77ab090c19420a85acdc6f36971c6b8/jq-1.8.0-cp313-cp313-macosx_11_0_arm64.whl", hash = "sha256:0c24a5f9e3807e277e19f305c8bcd0665b8b89251b053903f611969657680722", size = 421253 },
    { url = "https://files.pythonhosted.org/packages/b8/c3/d020c19eca167b5085e74d2277bc3d9e35d1b4ee5bcb9076f1e26882514d/jq-1.8.0-cp313-cp313-manylinux_2_17_aarch64.manylinux2014_aarch64.whl", hash = "sha256:eb484525dd801583ebd695d02f9165445a4d1b2fb560b187e6fc654911f0600e", size = 725885 },
    { url = "https://files.pythonhosted.org/packages/78/b8/8f6b886856f52f3277663d2d7a199663c6ede589dd0714aac9491b82ba6e/jq-1.8.0-cp313-cp313-manylinux_2_17_x86_64.manylinux2014_x86_64.whl", hash = "sha256:ddd9abdf0c1b30be1bf853d8c52187c96a51b2cbc05f40c43a37bf6a9b956807", size = 746334 },
    { url = "https://files.pythonhosted.org/packages/76/c2/2fa34e480068863ab372ec91c59b10214e9f8f3ae8b6e2de61456e93bae1/jq-1.8.0-cp313-cp313-manylinux_2_5_i686.manylinux1_i686.manylinux_2_17_i686.manylinux2014_i686.whl", hash = "sha256:2c7464d9b88c74a7119b53f4bbf88028d07a9de9a1a279e45209b763b89d6582", size = 733716 },
    { url = "https://files.pythonhosted.org/packages/2e/db/59cb84ec59247af7f7bedd2b5c88b3a4ca17253fd2cc0d40f08573f7ff72/jq-1.8.0-cp313-cp313-musllinux_1_2_aarch64.whl", hash = "sha256:b99761e8ec2cedb9906df4ceae33f467a377621019ef40a9a275689ac3577456", size = 720978 },
    { url = "https://files.pythonhosted.org/packages/e0/6f/d04bdcc037ced716e2522ebf7a677541b8654d7855cd1404d894f1ecd144/jq-1.8.0-cp313-cp313-musllinux_1_2_i686.whl", hash = "sha256:1be1638f9d5f38c83440fb9626d8f78905ed5d70e926e3a664d3de1198e1ef79", size = 746431 },
    { url = "https://files.pythonhosted.org/packages/84/52/f100fb2ccd467c17a2ecc186334aa7b512e49ca1a678ecc53dd4defd6e22/jq-1.8.0-cp313-cp313-musllinux_1_2_x86_64.whl", hash = "sha256:2d7e82d58bf3afe373afb3a01f866e473bbd34f38377a2f216c6222ec028eeea", size = 750404 },
]

[[package]]
name = "pythia"
version = "0.2.0"
source = { editable = "." }
dependencies = [
    { name = "jq", marker = "sys_platform == 'darwin' or sys_platform == 'linux'" },
]

[package.metadata]
requires-dist = [{ name = "jq", specifier = ">=1.8.0" }]
